cloud.google.com/go v0.26.0/go.mod h1:aQUYkXzVsufM+DwF1aE+0xfcU+56JwCaLick0ClmMTw=
github.com/aead/siphash v0.0.0-20170329201724-e404fcfc8885 h1:bBmEG9/q1xH07CqeeFw1ejup6Kw+/88WhhLHqIJ0ngQ=
github.com/aead/siphash v0.0.0-20170329201724-e404fcfc8885/go.mod h1:Nywa3cDsYNNK3gaciGTWPwHt0wlpNV15vwmswBAUSII=
github.com/agl/ed25519 v0.0.0-20170116200512-5312a6153412 h1:w1UutsfOrms1J05zt7ISrnJIXKzwaspym5BTKGx93EI=
github.com/agl/ed25519 v0.0.0-20170116200512-5312a6153412/go.mod h1:WPjqKcmVOxf0XSf3YxCJs6N6AOSrOx3obionmG7T0y0=
github.com/btcsuite/go-socks v0.0.0-20170105172521-4720035b7bfd h1:R/opQEbFEy9JGkIguV40SvRY1uliPX8ifOvi6ICsFCw=
github.com/btcsuite/go-socks v0.0.0-20170105172521-4720035b7bfd/go.mod h1:HHNXQzUsZCxOoE+CPiyCTO6x34Zs86zZUiwtpXoGdtg=
github.com/btcsuite/goleveldb v1.0.0/go.mod h1:QiK9vBlgftBg6rWQIj6wFzbPfRjiykIEhBH4obrXJ/I=
github.com/btcsuite/snappy-go v1.0.0/go.mod h1:8woku9dyThutzjeg+3xrA5iCpBRH8XEEg3lh6TiUghc=
github.com/client9/misspell v0.3.4/go.mod h1:qj6jICC3Q7zFZvVWo7KLAzC3yx5G7kyvSDkc90ppPyw=
github.com/coreos/bbolt v1.3.0 h1:HIgH5xUWXT914HCI671AxuTTqjj64UOFr7pHn48LUTI=
github.com/coreos/bbolt v1.3.0/go.mod h1:iRUV2dpdMOn7Bo10OQBFzIJO9kkE559Wcmn+qkEiiKk=
github.com/davecgh/go-spew v1.1.0 h1:ZDRjVQ15GmhC3fiQ8ni8+OwkZQO4DARzQgrnXU1Liz8=
github.com/davecgh/go-spew v1.1.0/go.mod h1:J7Y8YcW2NihsgmVo/mv3lAwl/skON4iLHjSsI+c5H38=
github.com/dchest/blake256 v1.0.0 h1:6gUgI5MHdz9g0TdrgKqXsoDX+Zjxmm1Sc6OsoGru50I=
github.com/dchest/blake256 v1.0.0/go.mod h1:xXNWCE1jsAP8DAjP+rKw2MbeqLczjI3TRx2VK+9OEYY=
github.com/decred/base58 v1.0.0 h1:BVi1FQCThIjZ0ehG+I99NJ51o0xcc9A/fDKhmJxY6+w=
github.com/decred/base58 v1.0.0/go.mod h1:LLY1p5e3g91byL/UO1eiZaYd+uRoVRarybgcoymu9Ks=
github.com/decred/dcrd/chaincfg/chainhash v1.0.1 h1:0vG7U9+dSjSCaHQKdoSKURK2pOb47+b+8FK5q4+Je7M=
github.com/decred/dcrd/chaincfg/chainhash v1.0.1/go.mod h1:OVfvaOsNLS/A1y4Eod0Ip/Lf8qga7VXCQjUQLbkY0Go=
github.com/decred/dcrd/database v1.0.1 h1:BSIerNf4RhSA0iDhiE/320RYqD2y9T+SCj99Pv7svgo=
github.com/decred/dcrd/database v1.0.1/go.mod h1:ILCeyOHFew3fZ7K2B9jl+tp5qFOap/pEGoo6Yy6Wk0g=
github.com/decred/dcrd/dcrec v0.0.0-20180721005212-59fe2b293f69/go.mod h1:cRAH1SNk8Mi9hKBc/DHbeiWz/fyO8KWZR3H7okrIuOA=
github.com/decred/dcrd/dcrec v0.0.0-20180721031028-5369a485acf6/go.mod h1:cRAH1SNk8Mi9hKBc/DHbeiWz/fyO8KWZR3H7okrIuOA=
github.com/decred/dcrd/dcrec v0.0.0-20180801202239-0761de129164 h1:N5s3yVfjBNW6XNG3gLxYpvt0IUjUsp/FRfC75QpSI+E=
github.com/decred/dcrd/dcrec v0.0.0-20180801202239-0761de129164/go.mod h1:cRAH1SNk8Mi9hKBc/DHbeiWz/fyO8KWZR3H7okrIuOA=
github.com/decred/dcrd/dcrec/edwards v0.0.0-20180721005212-59fe2b293f69/go.mod h1:+ehP0Hk/mesyZXttxCtBbhPX23BMpZJ1pcVBqUfbmvU=
github.com/decred/dcrd/dcrec/edwards v0.0.0-20180721031028-5369a485acf6 h1:1T33paUnhZTyLN60k5DSy4CH9uTN4vQ9TdSyu4O1ox8=
github.com/decred/dcrd/dcrec/edwards v0.0.0-20180721031028-5369a485acf6/go.mod h1:+ehP0Hk/mesyZXttxCtBbhPX23BMpZJ1pcVBqUfbmvU=
github.com/decred/dcrd/dcrec/secp256k1 v1.0.0 h1:Le54WTGdTQv7XYXpS31uhFE8LZE7ypwsIL+FgDP2x5Q=
github.com/decred/dcrd/dcrec/secp256k1 v1.0.0/go.mod h1:JPMFscGlgXTV684jxQNDijae2qrh0fLG7pJBimaYotE=
github.com/decred/dcrd/gcs v1.0.1 h1:MpJXLskT41+JDaD3RLdlSlF2vlu1sxPpZgiRI7FVTWw=
github.com/decred/dcrd/gcs v1.0.1/go.mod h1:YwutGzusSdJM79CJtxCo9t7WRCvnkLtWSD19TPo1i9g=
github.com/decred/dcrd/txscript v1.0.1 h1:IMgxZFCw3AyG4EbKwywE3SDNshOSHsoUK1Wk/5GqWJ0=
github.com/decred/dcrd/txscript v1.0.1/go.mod h1:FqUX07Y+u3cJ1eIGPoyWbJg+Wk1NTllln/TyDpx9KnY=
github.com/decred/dcrwallet/rpc/walletrpc v0.2.0 h1:Sm0jkFx/M2YTKVhxoWdgM1i3dBHzkjQJtmJqstpPHlk=
github.com/decred/dcrwallet/rpc/walletrpc v0.2.0/go.mod h1:uhjgcju9lSb/+42Ms4VY1zpBOxstCLM5wVlL3mq/SYc=
github.com/decred/slog v1.0.0 h1:Dl+W8O6/JH6n2xIFN2p3DNjCmjYwvrXsjlSJTQQ4MhE=
github.com/decred/slog v1.0.0/go.mod h1:zR98rEZHSnbZ4WHZtO0iqmSZjDLKhkXfrPTZQKtAonQ=
github.com/dnldd/dcrd/blockchain v0.0.0-20181119092801-71ca39f1d26d h1:/IPaz784mOCz3naq9trgrbLULCo6Wh6pG+ozjOLl210=
github.com/dnldd/dcrd/blockchain v0.0.0-20181119092801-71ca39f1d26d/go.mod h1:DTJgFxCdzv5duKpejpFuz60KqYqn7uiVPd0/OSnYr3E=
github.com/dnldd/dcrd/blockchain/stake v0.0.0-20181119092801-71ca39f1d26d h1:itir38tuj3RZU0PHULIoiQ+fqSoNOeQ44rTpJ4QvADg=
github.com/dnldd/dcrd/blockchain/stake v0.0.0-20181119092801-71ca39f1d26d/go.mod h1:WRuaml4bcyZYza1NT3qizlLcQwMIcAQRENvZVb2t884=
github.com/dnldd/dcrd/chaincfg v0.0.0-20181119092801-71ca39f1d26d h1:8Oufvs7eMiWv1Wd/PqUJ8Rut76+LI8V9fqigMeHvhT8=
github.com/dnldd/dcrd/chaincfg v0.0.0-20181119092801-71ca39f1d26d/go.mod h1:R/pEVs7AQ04wv86/yYCQsV9w6XVFs+YcXXMf/u9Vgz8=
github.com/dnldd/dcrd/dcrjson v0.0.0-20181119092801-71ca39f1d26d h1:LprnT1EsCkqq1nI5ih5PpBKh3UVrGfObSt6tEN2FygE=
github.com/dnldd/dcrd/dcrjson v0.0.0-20181119092801-71ca39f1d26d/go.mod h1:ozddIaeF+EAvZZvFuB3zpfxhyxBGfvbt22crQh+PYuI=
github.com/dnldd/dcrd/dcrutil v0.0.0-20181119092801-71ca39f1d26d h1:kne/vb8zvaaQMeDDvP9aluEdZJQynBWjRhYC/iSOdUE=
github.com/dnldd/dcrd/dcrutil v0.0.0-20181119092801-71ca39f1d26d/go.mod h1:psOKZf+f6wtD6LWewuDxVx3G289c6c7aOABTVwKzFZs=
github.com/dnldd/dcrd/rpcclient v0.0.0-20181119092801-71ca39f1d26d h1:PwwSe54YPU9kImZq2UUW77iKt336rjNc5YuIPkf7nZ0=
github.com/dnldd/dcrd/rpcclient v0.0.0-20181119092801-71ca39f1d26d/go.mod h1:pg9jawMwMmNnJwI+swUGTR9XrNUDm6bl6lJJ/vEgzXo=
github.com/dnldd/dcrd/wire v0.0.0-20181119092801-71ca39f1d26d h1:vmvcP6Q4U/woYBPTPTuyedohjKygMWNU4JWHf+Kau7E=
github.com/dnldd/dcrd/wire v0.0.0-20181119092801-71ca39f1d26d/go.mod h1:/JKOsLInOJu6InN+/zH5AyCq3YDIOW/EqcffvU8fJHM=
github.com/fsnotify/fsnotify v1.4.7/go.mod h1:jwhsz4b93w/PPRr/qN1Yymfu8t87LnFCMoQvtojpjFo=
github.com/golang/glog v0.0.0-20160126235308-23def4e6c14b/go.mod h1:SBH7ygxi8pfUlaOkMMuAQtPIUF8ecWP5IEl/CR7VP2Q=
github.com/golang/mock v1.1.1/go.mod h1:oTYuIxOrZwtPieC+H1uAHpcLFnEyAGVDL/k47Jfbm0A=
github.com/golang/protobuf v1.1.0/go.mod h1:6lQm79b+lXiMfvg/cZm0SGofjICqVBUtrP5yJMmIC1U=
github.com/golang/protobuf v1.2.0 h1:P3YflyNX/ehuJFLhxviNdFxQPkGK5cDcApsge1SqnvM=
github.com/golang/protobuf v1.2.0/go.mod h1:6lQm79b+lXiMfvg/cZm0SGofjICqVBUtrP5yJMmIC1U=
github.com/gorilla/handlers v1.4.0 h1:XulKRWSQK5uChr4pEgSE4Tc/OcmnU9GJuSwdog/tZsA=
github.com/gorilla/handlers v1.4.0/go.mod h1:Qkdc/uu4tH4g6mTK6auzZ766c4CA0Ng8+o/OAirnOIQ=
github.com/gorilla/mux v1.6.2 h1:Pgr17XVTNXAk3q/r4CpKzC5xBM/qW1uVLV+IhRZpIIk=
github.com/gorilla/mux v1.6.2/go.mod h1:1lud6UwP+6orDFRuTfBEV8e9/aOM/c4fVVCaMa2zaAs=
github.com/gorilla/websocket v1.2.0/go.mod h1:E7qHFY5m1UJ88s3WnNqhKjPHQ0heANvMoAMk2YaljkQ=
github.com/gorilla/websocket v1.4.0 h1:WDFjx/TMzVgy9VdMMQi2K2Emtwi2QcUQsztZ/zLaH/Q=
github.com/gorilla/websocket v1.4.0/go.mod h1:E7qHFY5m1UJ88s3WnNqhKjPHQ0heANvMoAMk2YaljkQ=
github.com/hpcloud/tail v1.0.0/go.mod h1:ab1qPbhIpdTxEkNHXyeSf5vhxWSCs/tWer42PpOxQnU=
github.com/jessevdk/go-flags v1.4.0 h1:4IU2WS7AumrZ/40jfhf4QVDMsQwqA7VEHozFRrGARJA=
github.com/jessevdk/go-flags v1.4.0/go.mod h1:4FA24M0QyGHXBuZZK/XkWh8h0e1EYbRYJSGM75WSRxI=
github.com/jrick/logrotate v1.0.0 h1:lQ1bL/n9mBNeIXoTUoYRlK4dHuNJVofX9oWqBtPnSzI=
github.com/jrick/logrotate v1.0.0/go.mod h1:LNinyqDIJnpAur+b8yyulnQw/wDuN1+BYKlTRt3OuAQ=
github.com/kisielk/gotool v1.0.0/go.mod h1:XhKaO+MFFWcvkIS/tQcRk01m1F5IRFswLeQ+oQHNcck=
github.com/kr/pretty v0.1.0/go.mod h1:dAy3ld7l9f0ibDNOQOHHMYYIIbhfbHSm3C4ZsoJORNo=
github.com/kr/pty v1.1.1/go.mod h1:pFQYn66WHrOpPYNljwOMqo10TkYh1fy3cYio2l3bCsQ=
github.com/kr/text v0.1.0/go.mod h1:4Jbv+DJW3UT/LiOwJeYQe1efqtUx/iVham/4vfdArNI=
github.com/onsi/ginkgo v1.6.0/go.mod h1:lLunBs/Ym6LB5Z9jYTR76FiuTmxDTDusOGeTQH+WWjE=
github.com/onsi/gomega v1.4.1/go.mod h1:C1qb7wdrVGGVU+Z6iS04AVkA3Q65CEZX59MT0QO5uiA=
golang.org/x/crypto v0.0.0-20180718160520-a2144134853f/go.mod h1:6SG95UA2DQfeDnfUPMdvaQW0Q7yPrPDi9nlGo2tz2b4=
golang.org/x/crypto v0.0.0-20181203042331-505ab145d0a9 h1:mKdxBk7AujPs8kU4m80U72y/zjbZ3UcXC7dClwKbUI0=
golang.org/x/crypto v0.0.0-20181203042331-505ab145d0a9/go.mod h1:6SG95UA2DQfeDnfUPMdvaQW0Q7yPrPDi9nlGo2tz2b4=
golang.org/x/lint v0.0.0-20181026193005-c67002cb31c3/go.mod h1:UVdnD1Gm6xHRNCYTkRU2/jEulfH38KcIWyp/GAMgvoE=
golang.org/x/net v0.0.0-20180719180050-a680a1efc54d/go.mod h1:mL1N/T3taQHkDXs73rZJwtUhF3w3ftmwwsq0BUmARs4=
golang.org/x/net v0.0.0-20180808004115-f9ce57c11b24/go.mod h1:mL1N/T3taQHkDXs73rZJwtUhF3w3ftmwwsq0BUmARs4=
golang.org/x/net v0.0.0-20180826012351-8a410e7b638d/go.mod h1:mL1N/T3taQHkDXs73rZJwtUhF3w3ftmwwsq0BUmARs4=
golang.org/x/net v0.0.0-20181207154023-610586996380 h1:zPQexyRtNYBc7bcHmehl1dH6TB3qn8zytv8cBGLDNY0=
golang.org/x/net v0.0.0-20181207154023-610586996380/go.mod h1:mL1N/T3taQHkDXs73rZJwtUhF3w3ftmwwsq0BUmARs4=
golang.org/x/oauth2 v0.0.0-20180821212333-d2e6202438be/go.mod h1:N/0e6XlmueqKjAGxoOufVs8QHGRruUQn6yWY3a++T0U=
golang.org/x/sync v0.0.0-20180314180146-1d60e4601c6f/go.mod h1:RxMgew5VJxzue5/jJTE5uejpjVlOe/izrB70Jof72aM=
golang.org/x/sys v0.0.0-20180816055513-1c9583448a9c/go.mod h1:STP8DvDyc/dI5b8T5hshtkjS+E42TnysNCUPdjciGhY=
golang.org/x/sys v0.0.0-20180830151530-49385e6e1522/go.mod h1:STP8DvDyc/dI5b8T5hshtkjS+E42TnysNCUPdjciGhY=
golang.org/x/text v0.3.0 h1:g61tztE5qeGQ89tm6NTjjM9VPIm088od1l6aSorWRWg=
golang.org/x/text v0.3.0/go.mod h1:NqM8EUOU14njkJ3fqMW+pc6Ldnwhi/IjpwHt7yyuwOQ=
golang.org/x/time v0.0.0-20181108054448-85acf8d2951c h1:fqgJT0MGcGpPgpWU7VRdRjuArfcOvC4AoJmILihzhDg=
golang.org/x/time v0.0.0-20181108054448-85acf8d2951c/go.mod h1:tRJNPiyCQ0inRvYxbN9jk5I+vvW/OXSQhTDSoE431IQ=
golang.org/x/tools v0.0.0-20180828015842-6cd1fcedba52/go.mod h1:n7NCudcB/nEzxVGmLbDWY5pfWTLqBcC2KZ6jyYvM4mQ=
google.golang.org/appengine v1.1.0/go.mod h1:EbEs0AVv82hx2wNQdGPgUI5lhzA/G0D9YwlJXL52JkM=
google.golang.org/genproto v0.0.0-20180817151627-c66870c02cf8 h1:Nw54tB0rB7hY/N0NQvRW8DG4Yk3Q6T9cu9RcFQDu1tc=
google.golang.org/genproto v0.0.0-20180817151627-c66870c02cf8/go.mod h1:JiN7NxoALGmiZfu7CAH4rXhgtRTLTxftemlI0sWmxmc=
google.golang.org/grpc v1.17.0 h1:TRJYBgMclJvGYn2rIMjj+h9KtMt5r1Ij7ODVRIZkwhk=
google.golang.org/grpc v1.17.0/go.mod h1:6QZJwpn2B+Zp71q/5VxRsJ6NXXVCE5NRUHRo+f3cWCs=
gopkg.in/check.v1 v0.0.0-20161208181325-20d25e280405/go.mod h1:Co6ibVJAznAaIkqp8huTwlJQCZ016jof/cbN4VW5Yz0=
gopkg.in/check.v1 v1.0.0-20180628173108-788fd7840127/go.mod h1:Co6ibVJAznAaIkqp8huTwlJQCZ016jof/cbN4VW5Yz0=
gopkg.in/fsnotify.v1 v1.4.7/go.mod h1:Tz8NjZHkW78fSQdbUxIjBTcgA1z1m8ZHf0WmKUhAMys=
gopkg.in/tomb.v1 v1.0.0-20141024135613-dd632973f1e7/go.mod h1:dt/ZhP58zS4L8KSrWDmTeBkI65Dw0HsyUHuEVlX15mw=
gopkg.in/yaml.v2 v2.2.1/go.mod h1:hI93XBmqTisBFMUTm0b8Fm+jr3Dg1NNxqwp+5A1VGuI=
honnef.co/go/tools v0.0.0-20180728063816-88497007e858/go.mod h1:rf3lG4BRIbNafJWhAfAdb/ePZxsR/4RtNHQocxwk9r4=
