# This file is autogenerated, do not edit; changes may be undone by the next 'dep ensure'.


[[projects]]
  branch = "master"
  digest = "1:7c95e6ada3cb4c4034a75f88a137400dfe7cbd5823c66b2ec4b014018b537ff7"
  name = "github.com/agl/ed25519"
  packages = [
    ".",
    "edwards25519",
  ]
  pruneopts = ""
  revision = "5312a61534124124185d41f09206b9fef1d88403"

[[projects]]
  digest = "1:ed112122ed4a920d944cc99b9d00b0441c11685939c28462c719488d36fe29aa"
  name = "github.com/boltdb/bolt"
  packages = ["."]
  pruneopts = ""
  revision = "2f1ce7a837dcb8da3ec595b1dac9d0632f0f99e8"
  version = "v1.3.1"

[[projects]]
  branch = "master"
  digest = "1:422f38d57f1bc0fdc34f26d0f1026869a3710400b09b5478c9288efa13573cfa"
  name = "github.com/btcsuite/go-socks"
  packages = ["socks"]
  pruneopts = ""
  revision = "4720035b7bfd2a9bb130b1c184f8bbe41b6f0d0f"

[[projects]]
  digest = "1:6150d0a72956eb2e50226e13ce59ef2a9636c0e8e1ac900d72f9b2097121cdf9"
  name = "github.com/coreos/bbolt"
  packages = ["."]
  pruneopts = ""
  revision = "583e8937c61f1af6513608ccc75c97b6abdf4ff9"
  version = "v1.3.0"

[[projects]]
  branch = "master"
  digest = "1:73e8c7e9fcc5e303a712480e453232447ac49bc57d240de5731f789eb309658f"
  name = "github.com/dchest/blake256"
  packages = ["."]
  pruneopts = ""
  revision = "dee3fe6eb0e98dc774a94fc231f85baf7c29d360"

[[projects]]
  digest = "1:9b7a3b3bdd99d0029fae9a21969d9bcca0ad035a44639a5510fed88793a3f50b"
  name = "github.com/dchest/siphash"
  packages = ["."]
  pruneopts = ""
  revision = "ca249f45189071f5d44dc6401334e3572037b9cb"
  version = "v1.2.0"

[[projects]]
  branch = "master"
  digest = "1:9949fe0d4cc9ff8b19287545444774420e5f6ba90da135e4eb5fe8e7edc348d4"
  name = "github.com/decred/base58"
  packages = ["."]
  pruneopts = ""
  revision = "56c501706f00d9e1cfacee19a27117e12da24734"

[[projects]]
  branch = "notifywork"
  digest = "1:10549596bb32c58d67f6a20151e514795894e2950b8910ef300a95a889729182"
  name = "github.com/decred/dcrd"
  packages = [
    "blockchain/stake",
    "blockchain/stake/internal/dbnamespace",
    "blockchain/stake/internal/ticketdb",
    "blockchain/stake/internal/tickettreap",
    "chaincfg",
    "chaincfg/chainec",
    "chaincfg/chainhash",
    "database",
    "dcrec",
    "dcrec/edwards",
    "dcrec/secp256k1",
    "dcrec/secp256k1/schnorr",
    "dcrjson",
    "dcrutil",
    "gcs",
    "gcs/blockcf",
    "rpcclient",
    "txscript",
    "wire",
  ]
  pruneopts = ""
  revision = "ae037b5ebdb31ee675dc5645f4a9e3014b87ff25"
  source = "github.com/dnldd/dcrd"

[[projects]]
  digest = "1:72c1f6339c7ca1ecea3e3d30f9cae51bfca19b02d04cfe7e6db32cbfb9a65ddc"
  name = "github.com/decred/slog"
  packages = ["."]
  pruneopts = ""
  revision = "fbd821ef791ba2b8ae945f5d44f4e49396d230c5"
  version = "v1.0.0"

[[projects]]
  digest = "1:dbbeb8ddb0be949954c8157ee8439c2adfd8dc1c9510eb44a6e58cb68c3dce28"
  name = "github.com/gorilla/context"
  packages = ["."]
  pruneopts = ""
  revision = "08b5f424b9271eedf6f9f0ce86cb9396ed337a42"
  version = "v1.1.1"

[[projects]]
  digest = "1:66d63ec7b6035984dced87ad37066e5f4ad277c60234a9d9925537248e983200"
  name = "github.com/gorilla/handlers"
  packages = ["."]
  pruneopts = ""
  revision = "7e0847f9db758cdebd26c149d0ae9d5d0b9c98ce"
  version = "v1.4.0"

[[projects]]
  digest = "1:c2c8666b4836c81a1d247bdf21c6a6fc1ab586538ab56f74437c2e0df5c375e1"
  name = "github.com/gorilla/mux"
  packages = ["."]
  pruneopts = ""
  revision = "e3702bed27f0d39777b0b37b664b6280e8ef8fbf"
  version = "v1.6.2"

[[projects]]
  digest = "1:64d212c703a2b94054be0ce470303286b177ad260b2f89a307e3d1bb6c073ef6"
  name = "github.com/gorilla/websocket"
  packages = ["."]
  pruneopts = ""
  revision = "ea4d1f681babbce9545c9c5f3d5194a789c89f5b"
  version = "v1.2.0"

[[projects]]
  branch = "master"
  digest = "1:41faf8c5d3ce975a4cbdaf774c9f3b87b2afb3289598087dec3511e2e4960012"
  name = "github.com/jessevdk/go-flags"
  packages = ["."]
  pruneopts = ""
  revision = "1c38ed7ad0cc3d9e66649ac398c30e45f395c4eb"

[[projects]]
  digest = "1:80178c385273ade9d14d523f23397468a70a3c14f9ab2b1b8c52cf35dbebe03d"
  name = "github.com/jrick/logrotate"
  packages = ["rotator"]
  pruneopts = ""
  revision = "a93b200c26cbae3bb09dd0dc2c7c7fe1468a034a"
  version = "v1.0.0"

[[projects]]
  digest = "1:fef42d7c5058ace2f987bb1540fdfd030e2310c5039d0262694afd82258da297"
  name = "github.com/segmentio/ksuid"
  packages = ["."]
  pruneopts = ""
  revision = "112f929a3020abfcd06b77c963ec919130796a35"
  version = "1.0.1"

[[projects]]
  branch = "master"
  digest = "1:4cae11053a5fc8e7b08228fcc14d161d3e60b64ba508a8b216937da472690991"
  name = "golang.org/x/crypto"
  packages = [
    "bcrypt",
    "blowfish",
    "ripemd160",
  ]
  pruneopts = ""
  revision = "de0752318171da717af4ce24d0a2e8626afaeb11"

[[projects]]
  branch = "master"
  digest = "1:4f7d853903a2a32b60c99f92492752a52bf9b56425258afbed5cfc2ee86cd216"
  name = "golang.org/x/net"
  packages = ["context"]
  pruneopts = ""
  revision = "aaf60122140d3fcf75376d319f0554393160eb50"

[[projects]]
  branch = "master"
  digest = "1:00355c1b032fcd05c29dad217f43f38f7f46d691a519d86416edaf345e677c21"
  name = "golang.org/x/sys"
  packages = ["unix"]
  pruneopts = ""
  revision = "acbc56fc7007d2a01796d5bde54f39e3b3e95945"

[[projects]]
  branch = "master"
  digest = "1:55a681cb66f28755765fa5fa5104cbd8dc85c55c02d206f9f89566451e3fe1aa"
  name = "golang.org/x/time"
  packages = ["rate"]
  pruneopts = ""
  revision = "fbb02b2291d28baffd63558aa44b4b56f178d650"

[solve-meta]
  analyzer-name = "dep"
  analyzer-version = 1
  input-imports = [
    "github.com/boltdb/bolt",
    "github.com/coreos/bbolt",
    "github.com/decred/dcrd/dcrutil",
    "github.com/decred/dcrd/rpcclient",
    "github.com/decred/slog",
    "github.com/gorilla/handlers",
    "github.com/gorilla/mux",
    "github.com/gorilla/websocket",
    "github.com/jessevdk/go-flags",
    "github.com/jrick/logrotate/rotator",
    "github.com/segmentio/ksuid",
    "golang.org/x/crypto/bcrypt",
    "golang.org/x/time/rate",
  ]
  solver-name = "gps-cdcl"
  solver-version = 1
